<?xml version="1.0" encoding="utf-8"?>
<Project ToolsVersion="4.0" xmlns="http://schemas.microsoft.com/developer/msbuild/2003">
  <ItemGroup>
    <Filter Include="Source Files">
      <UniqueIdentifier>{4FC737F1-C7A5-4376-A066-2A32D752A2FF}</UniqueIdentifier>
      <Extensions>cpp;c;cc;cxx;def;odl;idl;hpj;bat;asm;asmx</Extensions>
    </Filter>
    <Filter Include="Header Files">
      <UniqueIdentifier>{93995380-89BD-4b04-88EB-625FBE52EBFB}</UniqueIdentifier>
      <Extensions>h;hh;hpp;hxx;hm;inl;inc;ipp;xsd</Extensions>
    </Filter>
    <Filter Include="Resource Files">
      <UniqueIdentifier>{67DA6AB6-F800-4c08-8B7A-83BB121AAD01}</UniqueIdentifier>
      <Extensions>rc;ico;cur;bmp;dlg;rc2;rct;bin;rgs;gif;jpg;jpeg;jpe;resx;tiff;tif;png;wav;mfcribbon-ms</Extensions>
    </Filter>
  </ItemGroup>
  <ItemGroup>
    <ClInclude Include="..\..\..\..\..\..\VS-build\Export.h">
      <Filter>Header Files</Filter>
    </ClInclude>
    <ClInclude Include="..\..\..\..\Downloads\JsonBox-master\JsonBox-master\include\JsonBox\JsonWritingError.h">
      <Filter>Header Files</Filter>
    </ClInclude>
    <ClInclude Include="..\..\..\..\Downloads\JsonBox-master\JsonBox-master\include\JsonBox\OutputFilter.h">
      <Filter>Header Files</Filter>
    </ClInclude>
    <ClInclude Include="..\..\..\..\Downloads\JsonBox-master\JsonBox-master\include\JsonBox\SolidusEscaper.h">
      <Filter>Header Files</Filter>
    </ClInclude>
    <ClInclude Include="..\..\..\..\Downloads\JsonBox-master\JsonBox-master\include\JsonBox\Value.h">
      <Filter>Header Files</Filter>
    </ClInclude>
    <ClInclude Include="src\Area.h">
      <Filter>Header Files</Filter>
    </ClInclude>
    <ClInclude Include="src\Armor.h">
      <Filter>Header Files</Filter>
    </ClInclude>
    <ClInclude Include="src\Battle.h">
      <Filter>Header Files</Filter>
    </ClInclude>
    <ClInclude Include="src\Creature.h">
      <Filter>Header Files</Filter>
    </ClInclude>
    <ClInclude Include="src\Dialogue.h">
      <Filter>Header Files</Filter>
    </ClInclude>
    <ClInclude Include="src\Door.h">
      <Filter>Header Files</Filter>
    </ClInclude>
    <ClInclude Include="src\Entity Manager.h">
      <Filter>Header Files</Filter>
    </ClInclude>
    <ClInclude Include="src\Entity.h">
      <Filter>Header Files</Filter>
    </ClInclude>
    <ClInclude Include="src\Inventory.h">
      <Filter>Header Files</Filter>
    </ClInclude>
    <ClInclude Include="src\Item.h">
      <Filter>Header Files</Filter>
    </ClInclude>
    <ClInclude Include="src\Player.h">
      <Filter>Header Files</Filter>
    </ClInclude>
    <ClInclude Include="src\RPG Tutorial.h">
      <Filter>Header Files</Filter>
    </ClInclude>
    <ClInclude Include="src\stdafx.h">
      <Filter>Header Files</Filter>
    </ClInclude>
    <ClInclude Include="src\Weapon.h">
      <Filter>Header Files</Filter>
    </ClInclude>
    <ClInclude Include="src\Resource.h">
      <Filter>Header Files</Filter>
    </ClInclude>
    <ClInclude Include="src\targetver.h">
      <Filter>Header Files</Filter>
    </ClInclude>
    <ClInclude Include="src\JsonBox\Convert.h">
      <Filter>Header Files</Filter>
    </ClInclude>
    <ClInclude Include="src\JsonBox\Escaper.h">
      <Filter>Header Files</Filter>
    </ClInclude>
    <ClInclude Include="src\JsonBox\Export.h">
      <Filter>Header Files</Filter>
    </ClInclude>
    <ClInclude Include="src\JsonBox\Grammar.h">
      <Filter>Header Files</Filter>
    </ClInclude>
    <ClInclude Include="src\JsonBox\IndentCanceller.h">
      <Filter>Header Files</Filter>
    </ClInclude>
    <ClInclude Include="src\JsonBox\Indenter.h">
      <Filter>Header Files</Filter>
    </ClInclude>
    <ClInclude Include="src\JsonBox\JsonParsingError.h">
      <Filter>Header Files</Filter>
    </ClInclude>
    <ClInclude Include="src\JsonBox\Value.h">
      <Filter>Header Files</Filter>
    </ClInclude>
  </ItemGroup>
  <ItemGroup>
    <ClCompile Include="src\Area.cpp">
      <Filter>Source Files</Filter>
    </ClCompile>
    <ClCompile Include="src\Armor.cpp">
      <Filter>Source Files</Filter>
    </ClCompile>
    <ClCompile Include="src\Battle.cpp">
      <Filter>Source Files</Filter>
    </ClCompile>
    <ClCompile Include="src\Creature.cpp">
      <Filter>Source Files</Filter>
    </ClCompile>
    <ClCompile Include="src\Door.cpp">
      <Filter>Source Files</Filter>
    </ClCompile>
    <ClCompile Include="src\EntityManager.cpp">
      <Filter>Source Files</Filter>
    </ClCompile>
    <ClCompile Include="src\Inventory.cpp">
      <Filter>Source Files</Filter>
    </ClCompile>
    <ClCompile Include="src\Item.cpp">
      <Filter>Source Files</Filter>
    </ClCompile>
    <ClCompile Include="src\Player.cpp">
      <Filter>Source Files</Filter>
    </ClCompile>
    <ClCompile Include="src\RPG Tutorial.cpp">
      <Filter>Source Files</Filter>
    </ClCompile>
    <ClCompile Include="src\stdafx.cpp">
      <Filter>Source Files</Filter>
    </ClCompile>
    <ClCompile Include="src\Weapon.cpp">
      <Filter>Source Files</Filter>
    </ClCompile>
    <ClCompile Include="src\Convert.cpp">
      <Filter>Source Files</Filter>
    </ClCompile>
    <ClCompile Include="src\Escaper.cpp">
      <Filter>Source Files</Filter>
    </ClCompile>
    <ClCompile Include="src\IndentCanceller.cpp">
      <Filter>Source Files</Filter>
    </ClCompile>
    <ClCompile Include="src\Indenter.cpp">
      <Filter>Source Files</Filter>
    </ClCompile>
    <ClCompile Include="src\JsonParsingError.cpp">
      <Filter>Source Files</Filter>
    </ClCompile>
    <ClCompile Include="src\JsonWritingError.cpp">
      <Filter>Source Files</Filter>
    </ClCompile>
    <ClCompile Include="src\SolidusEscaper.cpp">
      <Filter>Source Files</Filter>
    </ClCompile>
    <ClCompile Include="src\Value.cpp">
      <Filter>Source Files</Filter>
    </ClCompile>
  </ItemGroup>
  <ItemGroup>
    <Image Include="small.ico">
      <Filter>Resource Files</Filter>
    </Image>
    <Image Include="RPG Tutorial.ico">
      <Filter>Resource Files</Filter>
    </Image>
  </ItemGroup>
  <ItemGroup>
    <None Include="Items.json" />
    <None Include="Weapon.json" />
    <None Include="Armor.json" />
    <None Include="Creatures.json" />
    <None Include="Areas.json" />
    <None Include="Doors.json" />
  </ItemGroup>
  <ItemGroup>
    <ResourceCompile Include="src\RPG Tutorial.rc">
      <Filter>Resource Files</Filter>
    </ResourceCompile>
  </ItemGroup>
</Project>